// !$*UTF8*$!
{
	archiveVersion = 1;
	classes = {
	};
	objectVersion = 46;
	objects = {

/* Begin PBXBuildFile section */
		89D5162019CBF4E2002E9011 /* AppDelegate.swift in Sources */ = {isa = PBXBuildFile; fileRef = 89D5161F19CBF4E2002E9011 /* AppDelegate.swift */; };
		89D5162219CBF4E2002E9011 /* ViewController.swift in Sources */ = {isa = PBXBuildFile; fileRef = 89D5162119CBF4E2002E9011 /* ViewController.swift */; };
		89D5162519CBF4E2002E9011 /* Main.storyboard in Resources */ = {isa = PBXBuildFile; fileRef = 89D5162319CBF4E2002E9011 /* Main.storyboard */; };
		89D5162719CBF4E2002E9011 /* Images.xcassets in Resources */ = {isa = PBXBuildFile; fileRef = 89D5162619CBF4E2002E9011 /* Images.xcassets */; };
		89D5162A19CBF4E2002E9011 /* LaunchScreen.xib in Resources */ = {isa = PBXBuildFile; fileRef = 89D5162819CBF4E2002E9011 /* LaunchScreen.xib */; };
		89D5163619CBF4E2002E9011 /* YelpTests.swift in Sources */ = {isa = PBXBuildFile; fileRef = 89D5163519CBF4E2002E9011 /* YelpTests.swift */; };
/* End PBXBuildFile section */

/* Begin PBXContainerItemProxy section */
		89D5163019CBF4E2002E9011 /* PBXContainerItemProxy */ = {
			isa = PBXContainerItemProxy;
			containerPortal = 89D5161219CBF4E2002E9011 /* Project object */;
			proxyType = 1;
			remoteGlobalIDString = 89D5161919CBF4E2002E9011;
			remoteInfo = Yelp;
		};
/* End PBXContainerItemProxy section */

/* Begin PBXFileReference section */
		89D5161A19CBF4E2002E9011 /* Yelp.app */ = {isa = PBXFileReference; explicitFileType = wrapper.application; includeInIndex = 0; path = Yelp.app; sourceTree = BUILT_PRODUCTS_DIR; };
		89D5161E19CBF4E2002E9011 /* Info.plist */ = {isa = PBXFileReference; lastKnownFileType = text.plist.xml; path = Info.plist; sourceTree = "<group>"; };
		89D5161F19CBF4E2002E9011 /* AppDelegate.swift */ = {isa = PBXFileReference; lastKnownFileType = sourcecode.swift; path = AppDelegate.swift; sourceTree = "<group>"; };
		89D5162119CBF4E2002E9011 /* ViewController.swift */ = {isa = PBXFileReference; lastKnownFileType = sourcecode.swift; path = ViewController.swift; sourceTree = "<group>"; };
		89D5162419CBF4E2002E9011 /* Base */ = {isa = PBXFileReference; lastKnownFileType = file.storyboard; name = Base; path = Base.lproj/Main.storyboard; sourceTree = "<group>"; };
		89D5162619CBF4E2002E9011 /* Images.xcassets */ = {isa = PBXFileReference; lastKnownFileType = folder.assetcatalog; path = Images.xcassets; sourceTree = "<group>"; };
		89D5162919CBF4E2002E9011 /* Base */ = {isa = PBXFileReference; lastKnownFileType = file.xib; name = Base; path = Base.lproj/LaunchScreen.xib; sourceTree = "<group>"; };
		89D5162F19CBF4E2002E9011 /* YelpTests.xctest */ = {isa = PBXFileReference; explicitFileType = wrapper.cfbundle; includeInIndex = 0; path = YelpTests.xctest; sourceTree = BUILT_PRODUCTS_DIR; };
		89D5163419CBF4E2002E9011 /* Info.plist */ = {isa = PBXFileReference; lastKnownFileType = text.plist.xml; path = Info.plist; sourceTree = "<group>"; };
		89D5163519CBF4E2002E9011 /* YelpTests.swift */ = {isa = PBXFileReference; lastKnownFileType = sourcecode.swift; path = YelpTests.swift; sourceTree = "<group>"; };
/* End PBXFileReference section */

/* Begin PBXFrameworksBuildPhase section */
		89D5161719CBF4E2002E9011 /* Frameworks */ = {
			isa = PBXFrameworksBuildPhase;
			buildActionMask = 2147483647;
			files = (
			);
			runOnlyForDeploymentPostprocessing = 0;
		};
		89D5162C19CBF4E2002E9011 /* Frameworks */ = {
			isa = PBXFrameworksBuildPhase;
			buildActionMask = 2147483647;
			files = (
			);
			runOnlyForDeploymentPostprocessing = 0;
		};
/* End PBXFrameworksBuildPhase section */

/* Begin PBXGroup section */
		89D5161119CBF4E2002E9011 = {
			isa = PBXGroup;
			children = (
				89D5161C19CBF4E2002E9011 /* Yelp */,
				89D5163219CBF4E2002E9011 /* YelpTests */,
				89D5161B19CBF4E2002E9011 /* Products */,
			);
			sourceTree = "<group>";
		};
		89D5161B19CBF4E2002E9011 /* Products */ = {
			isa = PBXGroup;
			children = (
				89D5161A19CBF4E2002E9011 /* Yelp.app */,
				89D5162F19CBF4E2002E9011 /* YelpTests.xctest */,
			);
			name = Products;
			sourceTree = "<group>";
		};
		89D5161C19CBF4E2002E9011 /* Yelp */ = {
			isa = PBXGroup;
			children = (
				89D5161F19CBF4E2002E9011 /* AppDelegate.swift */,
				89D5162119CBF4E2002E9011 /* ViewController.swift */,
				89D5162319CBF4E2002E9011 /* Main.storyboard */,
				89D5162619CBF4E2002E9011 /* Images.xcassets */,
				89D5162819CBF4E2002E9011 /* LaunchScreen.xib */,
				89D5161D19CBF4E2002E9011 /* Supporting Files */,
			);
			path = Yelp;
			sourceTree = "<group>";
		};
		89D5161D19CBF4E2002E9011 /* Supporting Files */ = {
			isa = PBXGroup;
			children = (
				89D5161E19CBF4E2002E9011 /* Info.plist */,
			);
			name = "Supporting Files";
			sourceTree = "<group>";
		};
		89D5163219CBF4E2002E9011 /* YelpTests */ = {
			isa = PBXGroup;
			children = (
				89D5163519CBF4E2002E9011 /* YelpTests.swift */,
				89D5163319CBF4E2002E9011 /* Supporting Files */,
			);
			path = YelpTests;
			sourceTree = "<group>";
		};
		89D5163319CBF4E2002E9011 /* Supporting Files */ = {
			isa = PBXGroup;
			children = (
				89D5163419CBF4E2002E9011 /* Info.plist */,
			);
			name = "Supporting Files";
			sourceTree = "<group>";
		};
/* End PBXGroup section */

/* Begin PBXNativeTarget section */
		89D5161919CBF4E2002E9011 /* Yelp */ = {
			isa = PBXNativeTarget;
			buildConfigurationList = 89D5163919CBF4E2002E9011 /* Build configuration list for PBXNativeTarget "Yelp" */;
			buildPhases = (
				89D5161619CBF4E2002E9011 /* Sources */,
				89D5161719CBF4E2002E9011 /* Frameworks */,
				89D5161819CBF4E2002E9011 /* Resources */,
			);
			buildRules = (
			);
			dependencies = (
			);
			name = Yelp;
			productName = Yelp;
			productReference = 89D5161A19CBF4E2002E9011 /* Yelp.app */;
			productType = "com.apple.product-type.application";
		};
		89D5162E19CBF4E2002E9011 /* YelpTests */ = {
			isa = PBXNativeTarget;
			buildConfigurationList = 89D5163C19CBF4E2002E9011 /* Build configuration list for PBXNativeTarget "YelpTests" */;
			buildPhases = (
				89D5162B19CBF4E2002E9011 /* Sources */,
				89D5162C19CBF4E2002E9011 /* Frameworks */,
				89D5162D19CBF4E2002E9011 /* Resources */,
			);
			buildRules = (
			);
			dependencies = (
				89D5163119CBF4E2002E9011 /* PBXTargetDependency */,
			);
			name = YelpTests;
			productName = YelpTests;
			productReference = 89D5162F19CBF4E2002E9011 /* YelpTests.xctest */;
			productType = "com.apple.product-type.bundle.unit-test";
		};
/* End PBXNativeTarget section */

/* Begin PBXProject section */
		89D5161219CBF4E2002E9011 /* Project object */ = {
			isa = PBXProject;
			attributes = {
				LastUpgradeCheck = 0600;
				ORGANIZATIONNAME = Tianyu;
				TargetAttributes = {
					89D5161919CBF4E2002E9011 = {
						CreatedOnToolsVersion = 6.0;
					};
					89D5162E19CBF4E2002E9011 = {
						CreatedOnToolsVersion = 6.0;
						TestTargetID = 89D5161919CBF4E2002E9011;
					};
				};
			};
			buildConfigurationList = 89D5161519CBF4E2002E9011 /* Build configuration list for PBXProject "Yelp" */;
			compatibilityVersion = "Xcode 3.2";
			developmentRegion = English;
			hasScannedForEncodings = 0;
			knownRegions = (
				en,
				Base,
			);
			mainGroup = 89D5161119CBF4E2002E9011;
			productRefGroup = 89D5161B19CBF4E2002E9011 /* Products */;
			projectDirPath = "";
			projectRoot = "";
			targets = (
				89D5161919CBF4E2002E9011 /* Yelp */,
				89D5162E19CBF4E2002E9011 /* YelpTests */,
			);
		};
/* End PBXProject section */

/* Begin PBXResourcesBuildPhase section */
		89D5161819CBF4E2002E9011 /* Resources */ = {
			isa = PBXResourcesBuildPhase;
			buildActionMask = 2147483647;
			files = (
				89D5162519CBF4E2002E9011 /* Main.storyboard in Resources */,
				89D5162A19CBF4E2002E9011 /* LaunchScreen.xib in Resources */,
				89D5162719CBF4E2002E9011 /* Images.xcassets in Resources */,
			);
			runOnlyForDeploymentPostprocessing = 0;
		};
		89D5162D19CBF4E2002E9011 /* Resources */ = {
			isa = PBXResourcesBuildPhase;
			buildActionMask = 2147483647;
			files = (
			);
			runOnlyForDeploymentPostprocessing = 0;
		};
/* End PBXResourcesBuildPhase section */

/* Begin PBXSourcesBuildPhase section */
		89D5161619CBF4E2002E9011 /* Sources */ = {
			isa = PBXSourcesBuildPhase;
			buildActionMask = 2147483647;
			files = (
				89D5162219CBF4E2002E9011 /* ViewController.swift in Sources */,
				89D5162019CBF4E2002E9011 /* AppDelegate.swift in Sources */,
			);
			runOnlyForDeploymentPostprocessing = 0;
		};
		89D5162B19CBF4E2002E9011 /* Sources */ = {
			isa = PBXSourcesBuildPhase;
			buildActionMask = 2147483647;
			files = (
				89D5163619CBF4E2002E9011 /* YelpTests.swift in Sources */,
			);
			runOnlyForDeploymentPostprocessing = 0;
		};
/* End PBXSourcesBuildPhase section */

/* Begin PBXTargetDependency section */
		89D5163119CBF4E2002E9011 /* PBXTargetDependency */ = {
			isa = PBXTargetDependency;
			target = 89D5161919CBF4E2002E9011 /* Yelp */;
			targetProxy = 89D5163019CBF4E2002E9011 /* PBXContainerItemProxy */;
		};
/* End PBXTargetDependency section */

/* Begin PBXVariantGroup section */
		89D5162319CBF4E2002E9011 /* Main.storyboard */ = {
			isa = PBXVariantGroup;
			children = (
				89D5162419CBF4E2002E9011 /* Base */,
			);
			name = Main.storyboard;
			sourceTree = "<group>";
		};
		89D5162819CBF4E2002E9011 /* LaunchScreen.xib */ = {
			isa = PBXVariantGroup;
			children = (
				89D5162919CBF4E2002E9011 /* Base */,
			);
			name = LaunchScreen.xib;
			sourceTree = "<group>";
		};
/* End PBXVariantGroup section */

/* Begin XCBuildConfiguration section */
		89D5163719CBF4E2002E9011 /* Debug */ = {
			isa = XCBuildConfiguration;
			buildSettings = {
				ALWAYS_SEARCH_USER_PATHS = NO;
				CLANG_CXX_LANGUAGE_STANDARD = "gnu++0x";
				CLANG_CXX_LIBRARY = "libc++";
				CLANG_ENABLE_MODULES = YES;
				CLANG_ENABLE_OBJC_ARC = YES;
				CLANG_WARN_BOOL_CONVERSION = YES;
				CLANG_WARN_CONSTANT_CONVERSION = YES;
				CLANG_WARN_DIRECT_OBJC_ISA_USAGE = YES_ERROR;
				CLANG_WARN_EMPTY_BODY = YES;
				CLANG_WARN_ENUM_CONVERSION = YES;
				CLANG_WARN_INT_CONVERSION = YES;
				CLANG_WARN_OBJC_ROOT_CLASS = YES_ERROR;
				CLANG_WARN_UNREACHABLE_CODE = YES;
				CLANG_WARN__DUPLICATE_METHOD_MATCH = YES;
				"CODE_SIGN_IDENTITY[sdk=iphoneos*]" = "iPhone Developer";
				COPY_PHASE_STRIP = NO;
				ENABLE_STRICT_OBJC_MSGSEND = YES;
				GCC_C_LANGUAGE_STANDARD = gnu99;
				GCC_DYNAMIC_NO_PIC = NO;
				GCC_OPTIMIZATION_LEVEL = 0;
				GCC_PREPROCESSOR_DEFINITIONS = (
					"DEBUG=1",
					"$(inherited)",
				);
				GCC_SYMBOLS_PRIVATE_EXTERN = NO;
				GCC_WARN_64_TO_32_BIT_CONVERSION = YES;
				GCC_WARN_ABOUT_RETURN_TYPE = YES_ERROR;
				GCC_WARN_UNDECLARED_SELECTOR = YES;
				GCC_WARN_UNINITIALIZED_AUTOS = YES_AGGRESSIVE;
				GCC_WARN_UNUSED_FUNCTION = YES;
				GCC_WARN_UNUSED_VARIABLE = YES;
				IPHONEOS_DEPLOYMENT_TARGET = 8.0;
				MTL_ENABLE_DEBUG_INFO = YES;
				ONLY_ACTIVE_ARCH = YES;
				SDKROOT = iphoneos;
				SWIFT_OPTIMIZATION_LEVEL = "-Onone";
			};
			name = Debug;
		};
		89D5163819CBF4E2002E9011 /* Release */ = {
			isa = XCBuildConfiguration;
			buildSettings = {
				ALWAYS_SEARCH_USER_PATHS = NO;
				CLANG_CXX_LANGUAGE_STANDARD = "gnu++0x";
				CLANG_CXX_LIBRARY = "libc++";
				CLANG_ENABLE_MODULES = YES;
				CLANG_ENABLE_OBJC_ARC = YES;
				CLANG_WARN_BOOL_CONVERSION = YES;
				CLANG_WARN_CONSTANT_CONVERSION = YES;
				CLANG_WARN_DIRECT_OBJC_ISA_USAGE = YES_ERROR;
				CLANG_WARN_EMPTY_BODY = YES;
				CLANG_WARN_ENUM_CONVERSION = YES;
				CLANG_WARN_INT_CONVERSION = YES;
				CLANG_WARN_OBJC_ROOT_CLASS = YES_ERROR;
				CLANG_WARN_UNREACHABLE_CODE = YES;
				CLANG_WARN__DUPLICATE_METHOD_MATCH = YES;
				"CODE_SIGN_IDENTITY[sdk=iphoneos*]" = "iPhone Developer";
				COPY_PHASE_STRIP = YES;
				ENABLE_NS_ASSERTIONS = NO;
				ENABLE_STRICT_OBJC_MSGSEND = YES;
				GCC_C_LANGUAGE_STANDARD = gnu99;
				GCC_WARN_64_TO_32_BIT_CONVERSION = YES;
				GCC_WARN_ABOUT_RETURN_TYPE = YES_ERROR;
				GCC_WARN_UNDECLARED_SELECTOR = YES;
				GCC_WARN_UNINITIALIZED_AUTOS = YES_AGGRESSIVE;
				GCC_WARN_UNUSED_FUNCTION = YES;
				GCC_WARN_UNUSED_VARIABLE = YES;
				IPHONEOS_DEPLOYMENT_TARGET = 8.0;
				MTL_ENABLE_DEBUG_INFO = NO;
				SDKROOT = iphoneos;
				VALIDATE_PRODUCT = YES;
			};
			name = Release;
		};
		89D5163A19CBF4E2002E9011 /* Debug */ = {
			isa = XCBuildConfiguration;
			buildSettings = {
				ASSETCATALOG_COMPILER_APPICON_NAME = AppIcon;
				INFOPLIST_FILE = Yelp/Info.plist;
				LD_RUNPATH_SEARCH_PATHS = "$(inherited) @executable_path/Frameworks";
				PRODUCT_NAME = "$(TARGET_NAME)";
			};
			name = Debug;
		};
		89D5163B19CBF4E2002E9011 /* Release */ = {
			isa = XCBuildConfiguration;
			buildSettings = {
				ASSETCATALOG_COMPILER_APPICON_NAME = AppIcon;
				INFOPLIST_FILE = Yelp/Info.plist;
				LD_RUNPATH_SEARCH_PATHS = "$(inherited) @executable_path/Frameworks";
				PRODUCT_NAME = "$(TARGET_NAME)";
			};
			name = Release;
		};
		89D5163D19CBF4E2002E9011 /* Debug */ = {
			isa = XCBuildConfiguration;
			buildSettings = {
				BUNDLE_LOADER = "$(TEST_HOST)";
				FRAMEWORK_SEARCH_PATHS = (
					"$(SDKROOT)/Developer/Library/Frameworks",
					"$(inherited)",
				);
				GCC_PREPROCESSOR_DEFINITIONS = (
					"DEBUG=1",
					"$(inherited)",
				);
				INFOPLIST_FILE = YelpTests/Info.plist;
				LD_RUNPATH_SEARCH_PATHS = "$(inherited) @executable_path/Frameworks @loader_path/Frameworks";
				PRODUCT_NAME = "$(TARGET_NAME)";
				TEST_HOST = "$(BUILT_PRODUCTS_DIR)/Yelp.app/Yelp";
			};
			name = Debug;
		};
		89D5163E19CBF4E2002E9011 /* Release */ = {
			isa = XCBuildConfiguration;
			buildSettings = {
				BUNDLE_LOADER = "$(TEST_HOST)";
				FRAMEWORK_SEARCH_PATHS = (
					"$(SDKROOT)/Developer/Library/Frameworks",
					"$(inherited)",
				);
				INFOPLIST_FILE = YelpTests/Info.plist;
				LD_RUNPATH_SEARCH_PATHS = "$(inherited) @executable_path/Frameworks @loader_path/Frameworks";
				PRODUCT_NAME = "$(TARGET_NAME)";
				TEST_HOST = "$(BUILT_PRODUCTS_DIR)/Yelp.app/Yelp";
			};
			name = Release;
		};
/* End XCBuildConfiguration section */

/* Begin XCConfigurationList section */
		89D5161519CBF4E2002E9011 /* Build configuration list for PBXProject "Yelp" */ = {
			isa = XCConfigurationList;
			buildConfigurations = (
				89D5163719CBF4E2002E9011 /* Debug */,
				89D5163819CBF4E2002E9011 /* Release */,
			);
			defaultConfigurationIsVisible = 0;
			defaultConfigurationName = Release;
		};
		89D5163919CBF4E2002E9011 /* Build configuration list for PBXNativeTarget "Yelp" */ = {
			isa = XCConfigurationList;
			buildConfigurations = (
				89D5163A19CBF4E2002E9011 /* Debug */,
				89D5163B19CBF4E2002E9011 /* Release */,
			);
			defaultConfigurationIsVisible = 0;
		};
		89D5163C19CBF4E2002E9011 /* Build configuration list for PBXNativeTarget "YelpTests" */ = {
			isa = XCConfigurationList;
			buildConfigurations = (
				89D5163D19CBF4E2002E9011 /* Debug */,
				89D5163E19CBF4E2002E9011 /* Release */,
			);
			defaultConfigurationIsVisible = 0;
		};
/* End XCConfigurationList section */
	};
	rootObject = 89D5161219CBF4E2002E9011 /* Project object */;
}
